// !$*UTF8*$!
{
	archiveVersion = 1;
	classes = {
	};
	objectVersion = 50;
	objects = {

/* Begin PBXBuildFile section */
		BAA7B3302383CBAD00CFD2AD /* AppDelegate.swift in Sources */ = {isa = PBXBuildFile; fileRef = BAA7B32F2383CBAD00CFD2AD /* AppDelegate.swift */; };
		BAA7B3322383CBAD00CFD2AD /* ViewController.swift in Sources */ = {isa = PBXBuildFile; fileRef = BAA7B3312383CBAD00CFD2AD /* ViewController.swift */; };
		BAA7B3352383CBAD00CFD2AD /* Main.storyboard in Resources */ = {isa = PBXBuildFile; fileRef = BAA7B3332383CBAD00CFD2AD /* Main.storyboard */; };
		BAA7B3372383CBAE00CFD2AD /* Assets.xcassets in Resources */ = {isa = PBXBuildFile; fileRef = BAA7B3362383CBAE00CFD2AD /* Assets.xcassets */; };
		BAA7B33A2383CBAE00CFD2AD /* LaunchScreen.storyboard in Resources */ = {isa = PBXBuildFile; fileRef = BAA7B3382383CBAE00CFD2AD /* LaunchScreen.storyboard */; };
		BAA7B3422383D06900CFD2AD /* SignantureView.swift in Sources */ = {isa = PBXBuildFile; fileRef = BAA7B3412383D06900CFD2AD /* SignantureView.swift */; };
/* End PBXBuildFile section */

/* Begin PBXFileReference section */
		BAA7B32C2383CBAD00CFD2AD /* signature.app */ = {isa = PBXFileReference; explicitFileType = wrapper.application; includeInIndex = 0; path = signature.app; sourceTree = BUILT_PRODUCTS_DIR; };
		BAA7B32F2383CBAD00CFD2AD /* AppDelegate.swift */ = {isa = PBXFileReference; lastKnownFileType = sourcecode.swift; path = AppDelegate.swift; sourceTree = "<group>"; };
		BAA7B3312383CBAD00CFD2AD /* ViewController.swift */ = {isa = PBXFileReference; lastKnownFileType = sourcecode.swift; path = ViewController.swift; sourceTree = "<group>"; };
		BAA7B3342383CBAD00CFD2AD /* Base */ = {isa = PBXFileReference; lastKnownFileType = file.storyboard; name = Base; path = Base.lproj/Main.storyboard; sourceTree = "<group>"; };
		BAA7B3362383CBAE00CFD2AD /* Assets.xcassets */ = {isa = PBXFileReference; lastKnownFileType = folder.assetcatalog; path = Assets.xcassets; sourceTree = "<group>"; };
		BAA7B3392383CBAE00CFD2AD /* Base */ = {isa = PBXFileReference; lastKnownFileType = file.storyboard; name = Base; path = Base.lproj/LaunchScreen.storyboard; sourceTree = "<group>"; };
		BAA7B33B2383CBAE00CFD2AD /* Info.plist */ = {isa = PBXFileReference; lastKnownFileType = text.plist.xml; path = Info.plist; sourceTree = "<group>"; };
		BAA7B3412383D06900CFD2AD /* SignantureView.swift */ = {isa = PBXFileReference; lastKnownFileType = sourcecode.swift; path = SignantureView.swift; sourceTree = "<group>"; };
/* End PBXFileReference section */

/* Begin PBXFrameworksBuildPhase section */
		BAA7B3292383CBAD00CFD2AD /* Frameworks */ = {
			isa = PBXFrameworksBuildPhase;
			buildActionMask = 2147483647;
			files = (
			);
			runOnlyForDeploymentPostprocessing = 0;
		};
/* End PBXFrameworksBuildPhase section */

/* Begin PBXGroup section */
		BAA7B3232383CBAD00CFD2AD = {
			isa = PBXGroup;
			children = (
				BAA7B32E2383CBAD00CFD2AD /* signature */,
				BAA7B32D2383CBAD00CFD2AD /* Products */,
			);
			sourceTree = "<group>";
		};
		BAA7B32D2383CBAD00CFD2AD /* Products */ = {
			isa = PBXGroup;
			children = (
				BAA7B32C2383CBAD00CFD2AD /* signature.app */,
			);
			name = Products;
			sourceTree = "<group>";
		};
		BAA7B32E2383CBAD00CFD2AD /* signature */ = {
			isa = PBXGroup;
			children = (
				BAA7B32F2383CBAD00CFD2AD /* AppDelegate.swift */,
				BAA7B3312383CBAD00CFD2AD /* ViewController.swift */,
				BAA7B3332383CBAD00CFD2AD /* Main.storyboard */,
				BAA7B3362383CBAE00CFD2AD /* Assets.xcassets */,
				BAA7B3382383CBAE00CFD2AD /* LaunchScreen.storyboard */,
				BAA7B33B2383CBAE00CFD2AD /* Info.plist */,
				BAA7B3412383D06900CFD2AD /* SignantureView.swift */,
			);
			path = signature;
			sourceTree = "<group>";
		};
/* End PBXGroup section */

/* Begin PBXNativeTarget section */
		BAA7B32B2383CBAD00CFD2AD /* signature */ = {
			isa = PBXNativeTarget;
			buildConfigurationList = BAA7B33E2383CBAE00CFD2AD /* Build configuration list for PBXNativeTarget "signature" */;
			buildPhases = (
				BAA7B3282383CBAD00CFD2AD /* Sources */,
				BAA7B3292383CBAD00CFD2AD /* Frameworks */,
				BAA7B32A2383CBAD00CFD2AD /* Resources */,
			);
			buildRules = (
			);
			dependencies = (
			);
			name = signature;
			productName = signature;
			productReference = BAA7B32C2383CBAD00CFD2AD /* signature.app */;
			productType = "com.apple.product-type.application";
		};
/* End PBXNativeTarget section */

/* Begin PBXProject section */
		BAA7B3242383CBAD00CFD2AD /* Project object */ = {
			isa = PBXProject;
			attributes = {
				LastSwiftUpdateCheck = 1010;
				LastUpgradeCheck = 1010;
				ORGANIZATIONNAME = "申潤五";
				TargetAttributes = {
					BAA7B32B2383CBAD00CFD2AD = {
						CreatedOnToolsVersion = 10.1;
					};
				};
			};
			buildConfigurationList = BAA7B3272383CBAD00CFD2AD /* Build configuration list for PBXProject "signature" */;
			compatibilityVersion = "Xcode 9.3";
			developmentRegion = en;
			hasScannedForEncodings = 0;
			knownRegions = (
				en,
				Base,
			);
			mainGroup = BAA7B3232383CBAD00CFD2AD;
			productRefGroup = BAA7B32D2383CBAD00CFD2AD /* Products */;
			projectDirPath = "";
			projectRoot = "";
			targets = (
				BAA7B32B2383CBAD00CFD2AD /* signature */,
			);
		};
/* End PBXProject section */

/* Begin PBXResourcesBuildPhase section */
		BAA7B32A2383CBAD00CFD2AD /* Resources */ = {
			isa = PBXResourcesBuildPhase;
			buildActionMask = 2147483647;
			files = (
				BAA7B33A2383CBAE00CFD2AD /* LaunchScreen.storyboard in Resources */,
				BAA7B3372383CBAE00CFD2AD /* Assets.xcassets in Resources */,
				BAA7B3352383CBAD00CFD2AD /* Main.storyboard in Resources */,
			);
			runOnlyForDeploymentPostprocessing = 0;
		};
/* End PBXResourcesBuildPhase section */

/* Begin PBXSourcesBuildPhase section */
		BAA7B3282383CBAD00CFD2AD /* Sources */ = {
			isa = PBXSourcesBuildPhase;
			buildActionMask = 2147483647;
			files = (
				BAA7B3322383CBAD00CFD2AD /* ViewController.swift in Sources */,
				BAA7B3302383CBAD00CFD2AD /* AppDelegate.swift in Sources */,
				BAA7B3422383D06900CFD2AD /* SignantureView.swift in Sources */,
			);
			runOnlyForDeploymentPostprocessing = 0;
		};
/* End PBXSourcesBuildPhase section */

/* Begin PBXVariantGroup section */
		BAA7B3332383CBAD00CFD2AD /* Main.storyboard */ = {
			isa = PBXVariantGroup;
			children = (
				BAA7B3342383CBAD00CFD2AD /* Base */,
			);
			name = Main.storyboard;
			sourceTree = "<group>";
		};
		BAA7B3382383CBAE00CFD2AD /* LaunchScreen.storyboard */ = {
			isa = PBXVariantGroup;
			children = (
				BAA7B3392383CBAE00CFD2AD /* Base */,
			);
			name = LaunchScreen.storyboard;
			sourceTree = "<group>";
		};
/* End PBXVariantGroup section */

/* Begin XCBuildConfiguration section */
		BAA7B33C2383CBAE00CFD2AD /* Debug */ = {
			isa = XCBuildConfiguration;
			buildSettings = {
				ALWAYS_SEARCH_USER_PATHS = NO;
				CLANG_ANALYZER_NONNULL = YES;
				CLANG_ANALYZER_NUMBER_OBJECT_CONVERSION = YES_AGGRESSIVE;
				CLANG_CXX_LANGUAGE_STANDARD = "gnu++14";
				CLANG_CXX_LIBRARY = "libc++";
				CLANG_ENABLE_MODULES = YES;
				CLANG_ENABLE_OBJC_ARC = YES;
				CLANG_ENABLE_OBJC_WEAK = YES;
				CLANG_WARN_BLOCK_CAPTURE_AUTORELEASING = YES;
				CLANG_WARN_BOOL_CONVERSION = YES;
				CLANG_WARN_COMMA = YES;
				CLANG_WARN_CONSTANT_CONVERSION = YES;
				CLANG_WARN_DEPRECATED_OBJC_IMPLEMENTATIONS = YES;
				CLANG_WARN_DIRECT_OBJC_ISA_USAGE = YES_ERROR;
				CLANG_WARN_DOCUMENTATION_COMMENTS = YES;
				CLANG_WARN_EMPTY_BODY = YES;
				CLANG_WARN_ENUM_CONVERSION = YES;
				CLANG_WARN_INFINITE_RECURSION = YES;
				CLANG_WARN_INT_CONVERSION = YES;
				CLANG_WARN_NON_LITERAL_NULL_CONVERSION = YES;
				CLANG_WARN_OBJC_IMPLICIT_RETAIN_SELF = YES;
				CLANG_WARN_OBJC_LITERAL_CONVERSION = YES;
				CLANG_WARN_OBJC_ROOT_CLASS = YES_ERROR;
				CLANG_WARN_RANGE_LOOP_ANALYSIS = YES;
				CLANG_WARN_STRICT_PROTOTYPES = YES;
				CLANG_WARN_SUSPICIOUS_MOVE = YES;
				CLANG_WARN_UNGUARDED_AVAILABILITY = YES_AGGRESSIVE;
				CLANG_WARN_UNREACHABLE_CODE = YES;
				CLANG_WARN__DUPLICATE_METHOD_MATCH = YES;
				CODE_SIGN_IDENTITY = "iPhone Developer";
				COPY_PHASE_STRIP = NO;
				DEBUG_INFORMATION_FORMAT = dwarf;
				ENABLE_STRICT_OBJC_MSGSEND = YES;
				ENABLE_TESTABILITY = YES;
				GCC_C_LANGUAGE_STANDARD = gnu11;
				GCC_DYNAMIC_NO_PIC = NO;
				GCC_NO_COMMON_BLOCKS = YES;
				GCC_OPTIMIZATION_LEVEL = 0;
				GCC_PREPROCESSOR_DEFINITIONS = (
					"DEBUG=1",
					"$(inherited)",
				);
				GCC_WARN_64_TO_32_BIT_CONVERSION = YES;
				GCC_WARN_ABOUT_RETURN_TYPE = YES_ERROR;
				GCC_WARN_UNDECLARED_SELECTOR = YES;
				GCC_WARN_UNINITIALIZED_AUTOS = YES_AGGRESSIVE;
				GCC_WARN_UNUSED_FUNCTION = YES;
				GCC_WARN_UNUSED_VARIABLE = YES;
				IPHONEOS_DEPLOYMENT_TARGET = 12.1;
				MTL_ENABLE_DEBUG_INFO = INCLUDE_SOURCE;
				MTL_FAST_MATH = YES;
				ONLY_ACTIVE_ARCH = YES;
				SDKROOT = iphoneos;
				SWIFT_ACTIVE_COMPILATION_CONDITIONS = DEBUG;
				SWIFT_OPTIMIZATION_LEVEL = "-Onone";
			};
			name = Debug;
		};
		BAA7B33D2383CBAE00CFD2AD /* Release */ = {
			isa = XCBuildConfiguration;
			buildSettings = {
				ALWAYS_SEARCH_USER_PATHS = NO;
				CLANG_ANALYZER_NONNULL = YES;
				CLANG_ANALYZER_NUMBER_OBJECT_CONVERSION = YES_AGGRESSIVE;
				CLANG_CXX_LANGUAGE_STANDARD = "gnu++14";
				CLANG_CXX_LIBRARY = "libc++";
				CLANG_ENABLE_MODULES = YES;
				CLANG_ENABLE_OBJC_ARC = YES;
				CLANG_ENABLE_OBJC_WEAK = YES;
				CLANG_WARN_BLOCK_CAPTURE_AUTORELEASING = YES;
				CLANG_WARN_BOOL_CONVERSION = YES;
				CLANG_WARN_COMMA = YES;
				CLANG_WARN_CONSTANT_CONVERSION = YES;
				CLANG_WARN_DEPRECATED_OBJC_IMPLEMENTATIONS = YES;
				CLANG_WARN_DIRECT_OBJC_ISA_USAGE = YES_ERROR;
				CLANG_WARN_DOCUMENTATION_COMMENTS = YES;
				CLANG_WARN_EMPTY_BODY = YES;
				CLANG_WARN_ENUM_CONVERSION = YES;
				CLANG_WARN_INFINITE_RECURSION = YES;
				CLANG_WARN_INT_CONVERSION = YES;
				CLANG_WARN_NON_LITERAL_NULL_CONVERSION = YES;
				CLANG_WARN_OBJC_IMPLICIT_RETAIN_SELF = YES;
				CLANG_WARN_OBJC_LITERAL_CONVERSION = YES;
				CLANG_WARN_OBJC_ROOT_CLASS = YES_ERROR;
				CLANG_WARN_RANGE_LOOP_ANALYSIS = YES;
				CLANG_WARN_STRICT_PROTOTYPES = YES;
				CLANG_WARN_SUSPICIOUS_MOVE = YES;
				CLANG_WARN_UNGUARDED_AVAILABILITY = YES_AGGRESSIVE;
				CLANG_WARN_UNREACHABLE_CODE = YES;
				CLANG_WARN__DUPLICATE_METHOD_MATCH = YES;
				CODE_SIGN_IDENTITY = "iPhone Developer";
				COPY_PHASE_STRIP = NO;
				DEBUG_INFORMATION_FORMAT = "dwarf-with-dsym";
				ENABLE_NS_ASSERTIONS = NO;
				ENABLE_STRICT_OBJC_MSGSEND = YES;
				GCC_C_LANGUAGE_STANDARD = gnu11;
				GCC_NO_COMMON_BLOCKS = YES;
				GCC_WARN_64_TO_32_BIT_CONVERSION = YES;
				GCC_WARN_ABOUT_RETURN_TYPE = YES_ERROR;
				GCC_WARN_UNDECLARED_SELECTOR = YES;
				GCC_WARN_UNINITIALIZED_AUTOS = YES_AGGRESSIVE;
				GCC_WARN_UNUSED_FUNCTION = YES;
				GCC_WARN_UNUSED_VARIABLE = YES;
				IPHONEOS_DEPLOYMENT_TARGET = 12.1;
				MTL_ENABLE_DEBUG_INFO = NO;
				MTL_FAST_MATH = YES;
				SDKROOT = iphoneos;
				SWIFT_COMPILATION_MODE = wholemodule;
				SWIFT_OPTIMIZATION_LEVEL = "-O";
				VALIDATE_PRODUCT = YES;
			};
			name = Release;
		};
		BAA7B33F2383CBAE00CFD2AD /* Debug */ = {
			isa = XCBuildConfiguration;
			buildSettings = {
				ASSETCATALOG_COMPILER_APPICON_NAME = AppIcon;
				CODE_SIGN_STYLE = Automatic;
				DEVELOPMENT_TEAM = 7GDS98WL3H;
				INFOPLIST_FILE = signature/Info.plist;
				LD_RUNPATH_SEARCH_PATHS = (
					"$(inherited)",
					"@executable_path/Frameworks",
				);
				PRODUCT_BUNDLE_IDENTIFIER = com.leedian.signature;
				PRODUCT_NAME = "$(TARGET_NAME)";
				SWIFT_VERSION = 4.2;
				TARGETED_DEVICE_FAMILY = "1,2";
			};
			name = Debug;
		};
		BAA7B3402383CBAE00CFD2AD /* Release */ = {
			isa = XCBuildConfiguration;
			buildSettings = {
				ASSETCATALOG_COMPILER_APPICON_NAME = AppIcon;
				CODE_SIGN_STYLE = Automatic;
				DEVELOPMENT_TEAM = 7GDS98WL3H;
				INFOPLIST_FILE = signature/Info.plist;
				LD_RUNPATH_SEARCH_PATHS = (
					"$(inherited)",
					"@executable_path/Frameworks",
				);
				PRODUCT_BUNDLE_IDENTIFIER = com.leedian.signature;
				PRODUCT_NAME = "$(TARGET_NAME)";
				SWIFT_VERSION = 4.2;
				TARGETED_DEVICE_FAMILY = "1,2";
			};
			name = Release;
		};
/* End XCBuildConfiguration section */

/* Begin XCConfigurationList section */
		BAA7B3272383CBAD00CFD2AD /* Build configuration list for PBXProject "signature" */ = {
			isa = XCConfigurationList;
			buildConfigurations = (
				BAA7B33C2383CBAE00CFD2AD /* Debug */,
				BAA7B33D2383CBAE00CFD2AD /* Release */,
			);
			defaultConfigurationIsVisible = 0;
			defaultConfigurationName = Release;
		};
		BAA7B33E2383CBAE00CFD2AD /* Build configuration list for PBXNativeTarget "signature" */ = {
			isa = XCConfigurationList;
			buildConfigurations = (
				BAA7B33F2383CBAE00CFD2AD /* Debug */,
				BAA7B3402383CBAE00CFD2AD /* Release */,
			);
			defaultConfigurationIsVisible = 0;
			defaultConfigurationName = Release;
		};
/* End XCConfigurationList section */
	};
	rootObject = BAA7B3242383CBAD00CFD2AD /* Project object */;
}
